{
  "version": 4,
  "terraform_version": "1.15.6",
  "serial": 8,
  "lineage": "e94e004f-9c23-7be2-37d1-1c0c2d3a32ae",
  "outputs": {},
  "resources": [
    {
      "mode": "managed",
      "type": "azurerm_resource_group",
      "name": "rg_szkolenie",
      "provider": "provider[\"registry.terraform.io/hashicorp/azurerm\"]",
      "instances": [
        {
          "schema_version": 0,
          "attributes": {
            "id": "/subscriptions/c3ca5029-d7f2-4423-9442-b5561bbe3d08/resourceGroups/rg-devops-2-0-mateusz",
            "location": "northeurope",
            "managed_by": "",
            "name": "rg-devops-2-0-mateusz",
            "tags": {},
            "timeouts": null
          },
          "sensitive_attributes": [],
          "identity_schema_version": 0,
          "private": "eyJlMmJmYjczMC1lY2FhLTExZTYtOGY4OC0zNDM2M2JjN2M0YzAiOnsiY3JlYXRlIjo1NDAwMDAwMDAwMDAwLCJkZWxldGUiOjU0MDAwMDAwMDAwMDAsInJlYWQiOjMwMDAwMDAwMDAwMCwidXBkYXRlIjo1NDAwMDAwMDAwMDAwfX0="
        }
      ]
    },
    {
      "mode": "managed",
      "type": "azurerm_subnet",
      "name": "aks_subnet",
      "provider": "provider[\"registry.terraform.io/hashicorp/azurerm\"]",
      "instances": [
        {
          "schema_version": 0,
          "attributes": {
            "address_prefixes": [
              "10.0.1.0/24"
            ],
            "default_outbound_access_enabled": true,
            "delegation": [],
            "enforce_private_link_endpoint_network_policies": false,
            "enforce_private_link_service_network_policies": false,
            "id": "/subscriptions/c3ca5029-d7f2-4423-9442-b5561bbe3d08/resourceGroups/rg-devops-2-0-mateusz/providers/Microsoft.Network/virtualNetworks/vnet-devops-2-0/subnets/snet-aks-prod",
            "name": "snet-aks-prod",
            "private_endpoint_network_policies": "Enabled",
            "private_endpoint_network_policies_enabled": true,
            "private_link_service_network_policies_enabled": true,
            "resource_group_name": "rg-devops-2-0-mateusz",
            "service_endpoint_policy_ids": [],
            "service_endpoints": [],
            "timeouts": null,
            "virtual_network_name": "vnet-devops-2-0"
          },
          "sensitive_attributes": [],
          "identity_schema_version": 0,
          "private": "eyJlMmJmYjczMC1lY2FhLTExZTYtOGY4OC0zNDM2M2JjN2M0YzAiOnsiY3JlYXRlIjoxODAwMDAwMDAwMDAwLCJkZWxldGUiOjE4MDAwMDAwMDAwMDAsInJlYWQiOjMwMDAwMDAwMDAwMCwidXBkYXRlIjoxODAwMDAwMDAwMDAwfX0=",
          "dependencies": [
            "azurerm_resource_group.rg_szkolenie",
            "azurerm_virtual_network.vnet_szkolenie"
          ]
        }
      ]
    },
    {
      "mode": "managed",
      "type": "azurerm_virtual_network",
      "name": "vnet_szkolenie",
      "provider": "provider[\"registry.terraform.io/hashicorp/azurerm\"]",
      "instances": [
        {
          "schema_version": 0,
          "attributes": {
            "address_space": [
              "10.0.0.0/16"
            ],
            "bgp_community": "",
            "ddos_protection_plan": [],
            "dns_servers": [],
            "edge_zone": "",
            "encryption": [],
            "flow_timeout_in_minutes": 0,
            "guid": "0338ac6e-381c-4c2b-b1a8-ace26a1af3c1",
            "id": "/subscriptions/c3ca5029-d7f2-4423-9442-b5561bbe3d08/resourceGroups/rg-devops-2-0-mateusz/providers/Microsoft.Network/virtualNetworks/vnet-devops-2-0",
            "location": "northeurope",
            "name": "vnet-devops-2-0",
            "resource_group_name": "rg-devops-2-0-mateusz",
            "subnet": [
              {
                "address_prefix": "10.0.1.0/24",
                "id": "/subscriptions/c3ca5029-d7f2-4423-9442-b5561bbe3d08/resourceGroups/rg-devops-2-0-mateusz/providers/Microsoft.Network/virtualNetworks/vnet-devops-2-0/subnets/snet-aks-prod",
                "name": "snet-aks-prod",
                "security_group": ""
              }
            ],
            "tags": {},
            "timeouts": null
          },
          "sensitive_attributes": [],
          "identity_schema_version": 0,
          "private": "eyJlMmJmYjczMC1lY2FhLTExZTYtOGY4OC0zNDM2M2JjN2M0YzAiOnsiY3JlYXRlIjoxODAwMDAwMDAwMDAwLCJkZWxldGUiOjE4MDAwMDAwMDAwMDAsInJlYWQiOjMwMDAwMDAwMDAwMCwidXBkYXRlIjoxODAwMDAwMDAwMDAwfX0=",
          "dependencies": [
            "azurerm_resource_group.rg_szkolenie"
          ]
        }
      ]
    }
  ],
  "check_results": null
}
